// !$*UTF8*$!
{
	archiveVersion = 1;
	classes = {
	};
	objectVersion = 46;
	objects = {

/* Begin PBXBuildFile section */
		485B5DCE1E9B012A0004F768 /* Signup.storyboard in Resources */ = {isa = PBXBuildFile; fileRef = 485B5DCD1E9B012A0004F768 /* Signup.storyboard */; };
		485B5DD11E9B01630004F768 /* Affiliations.storyboard in Resources */ = {isa = PBXBuildFile; fileRef = 485B5DCF1E9B01630004F768 /* Affiliations.storyboard */; };
		485B5DD31E9B017E0004F768 /* Profile.storyboard in Resources */ = {isa = PBXBuildFile; fileRef = 485B5DD21E9B017E0004F768 /* Profile.storyboard */; };
		485B5DD61E9B01960004F768 /* Company.storyboard in Resources */ = {isa = PBXBuildFile; fileRef = 485B5DD41E9B01960004F768 /* Company.storyboard */; };
		485B5DD81E9B01E10004F768 /* Challenge.storyboard in Resources */ = {isa = PBXBuildFile; fileRef = 485B5DD71E9B01E10004F768 /* Challenge.storyboard */; };
		485B5DDB1E9B01F30004F768 /* Home.storyboard in Resources */ = {isa = PBXBuildFile; fileRef = 485B5DD91E9B01F30004F768 /* Home.storyboard */; };
		A8C112BF85BF6BFE27D1F870 /* Pods_LinkBase2.framework in Frameworks */ = {isa = PBXBuildFile; fileRef = C90E0181764D884F39E78D61 /* Pods_LinkBase2.framework */; };
		E5380E481E99975A0004F577 /* AppDelegate.swift in Sources */ = {isa = PBXBuildFile; fileRef = E5380E471E99975A0004F577 /* AppDelegate.swift */; };
		E5380E4D1E99975A0004F577 /* Main.storyboard in Resources */ = {isa = PBXBuildFile; fileRef = E5380E4B1E99975A0004F577 /* Main.storyboard */; };
		E5380E4F1E99975A0004F577 /* Assets.xcassets in Resources */ = {isa = PBXBuildFile; fileRef = E5380E4E1E99975A0004F577 /* Assets.xcassets */; };
		E5380E521E99975A0004F577 /* LaunchScreen.storyboard in Resources */ = {isa = PBXBuildFile; fileRef = E5380E501E99975A0004F577 /* LaunchScreen.storyboard */; };
		E5380E5D1E99975A0004F577 /* LinkBase2Tests.swift in Sources */ = {isa = PBXBuildFile; fileRef = E5380E5C1E99975A0004F577 /* LinkBase2Tests.swift */; };
		E5380E681E99975A0004F577 /* LinkBase2UITests.swift in Sources */ = {isa = PBXBuildFile; fileRef = E5380E671E99975A0004F577 /* LinkBase2UITests.swift */; };
		E5380EB01E99C11C0004F577 /* HomeViewController.swift in Sources */ = {isa = PBXBuildFile; fileRef = E5380EAF1E99C11C0004F577 /* HomeViewController.swift */; };
/* End PBXBuildFile section */

/* Begin PBXContainerItemProxy section */
		E5380E591E99975A0004F577 /* PBXContainerItemProxy */ = {
			isa = PBXContainerItemProxy;
			containerPortal = E5380E3C1E99975A0004F577 /* Project object */;
			proxyType = 1;
			remoteGlobalIDString = E5380E431E99975A0004F577;
			remoteInfo = LinkBase2;
		};
		E5380E641E99975A0004F577 /* PBXContainerItemProxy */ = {
			isa = PBXContainerItemProxy;
			containerPortal = E5380E3C1E99975A0004F577 /* Project object */;
			proxyType = 1;
			remoteGlobalIDString = E5380E431E99975A0004F577;
			remoteInfo = LinkBase2;
		};
/* End PBXContainerItemProxy section */

/* Begin PBXFileReference section */
		485B5DCD1E9B012A0004F768 /* Signup.storyboard */ = {isa = PBXFileReference; fileEncoding = 4; lastKnownFileType = file.storyboard; path = Signup.storyboard; sourceTree = "<group>"; };
		485B5DD01E9B01630004F768 /* Base */ = {isa = PBXFileReference; lastKnownFileType = file.storyboard; name = Base; path = Base.lproj/Affiliations.storyboard; sourceTree = "<group>"; };
		485B5DD21E9B017E0004F768 /* Profile.storyboard */ = {isa = PBXFileReference; fileEncoding = 4; lastKnownFileType = file.storyboard; path = Profile.storyboard; sourceTree = "<group>"; };
		485B5DD51E9B01960004F768 /* Base */ = {isa = PBXFileReference; lastKnownFileType = file.storyboard; name = Base; path = Base.lproj/Company.storyboard; sourceTree = "<group>"; };
		485B5DD71E9B01E10004F768 /* Challenge.storyboard */ = {isa = PBXFileReference; fileEncoding = 4; lastKnownFileType = file.storyboard; path = Challenge.storyboard; sourceTree = "<group>"; };
		485B5DDA1E9B01F30004F768 /* Base */ = {isa = PBXFileReference; lastKnownFileType = file.storyboard; name = Base; path = Base.lproj/Home.storyboard; sourceTree = "<group>"; };
		86DB847BAD24964ABACF6B46 /* Pods-LinkBase2.debug.xcconfig */ = {isa = PBXFileReference; includeInIndex = 1; lastKnownFileType = text.xcconfig; name = "Pods-LinkBase2.debug.xcconfig"; path = "Pods/Target Support Files/Pods-LinkBase2/Pods-LinkBase2.debug.xcconfig"; sourceTree = "<group>"; };
		C90E0181764D884F39E78D61 /* Pods_LinkBase2.framework */ = {isa = PBXFileReference; explicitFileType = wrapper.framework; includeInIndex = 0; path = Pods_LinkBase2.framework; sourceTree = BUILT_PRODUCTS_DIR; };
		E5380E441E99975A0004F577 /* LinkBase2.app */ = {isa = PBXFileReference; explicitFileType = wrapper.application; includeInIndex = 0; path = LinkBase2.app; sourceTree = BUILT_PRODUCTS_DIR; };
		E5380E471E99975A0004F577 /* AppDelegate.swift */ = {isa = PBXFileReference; lastKnownFileType = sourcecode.swift; path = AppDelegate.swift; sourceTree = "<group>"; };
		E5380E4C1E99975A0004F577 /* Base */ = {isa = PBXFileReference; lastKnownFileType = file.storyboard; name = Base; path = Base.lproj/Main.storyboard; sourceTree = "<group>"; };
		E5380E4E1E99975A0004F577 /* Assets.xcassets */ = {isa = PBXFileReference; lastKnownFileType = folder.assetcatalog; path = Assets.xcassets; sourceTree = "<group>"; };
		E5380E511E99975A0004F577 /* Base */ = {isa = PBXFileReference; lastKnownFileType = file.storyboard; name = Base; path = Base.lproj/LaunchScreen.storyboard; sourceTree = "<group>"; };
		E5380E531E99975A0004F577 /* Info.plist */ = {isa = PBXFileReference; lastKnownFileType = text.plist.xml; path = Info.plist; sourceTree = "<group>"; };
		E5380E581E99975A0004F577 /* LinkBase2Tests.xctest */ = {isa = PBXFileReference; explicitFileType = wrapper.cfbundle; includeInIndex = 0; path = LinkBase2Tests.xctest; sourceTree = BUILT_PRODUCTS_DIR; };
		E5380E5C1E99975A0004F577 /* LinkBase2Tests.swift */ = {isa = PBXFileReference; lastKnownFileType = sourcecode.swift; path = LinkBase2Tests.swift; sourceTree = "<group>"; };
		E5380E5E1E99975A0004F577 /* Info.plist */ = {isa = PBXFileReference; lastKnownFileType = text.plist.xml; path = Info.plist; sourceTree = "<group>"; };
		E5380E631E99975A0004F577 /* LinkBase2UITests.xctest */ = {isa = PBXFileReference; explicitFileType = wrapper.cfbundle; includeInIndex = 0; path = LinkBase2UITests.xctest; sourceTree = BUILT_PRODUCTS_DIR; };
		E5380E671E99975A0004F577 /* LinkBase2UITests.swift */ = {isa = PBXFileReference; lastKnownFileType = sourcecode.swift; path = LinkBase2UITests.swift; sourceTree = "<group>"; };
		E5380E691E99975A0004F577 /* Info.plist */ = {isa = PBXFileReference; lastKnownFileType = text.plist.xml; path = Info.plist; sourceTree = "<group>"; };
		E5380EAF1E99C11C0004F577 /* HomeViewController.swift */ = {isa = PBXFileReference; fileEncoding = 4; lastKnownFileType = sourcecode.swift; path = HomeViewController.swift; sourceTree = "<group>"; };
		FB898D4DCD1DA22CDF0E7509 /* Pods-LinkBase2.release.xcconfig */ = {isa = PBXFileReference; includeInIndex = 1; lastKnownFileType = text.xcconfig; name = "Pods-LinkBase2.release.xcconfig"; path = "Pods/Target Support Files/Pods-LinkBase2/Pods-LinkBase2.release.xcconfig"; sourceTree = "<group>"; };
/* End PBXFileReference section */

/* Begin PBXFrameworksBuildPhase section */
		E5380E411E99975A0004F577 /* Frameworks */ = {
			isa = PBXFrameworksBuildPhase;
			buildActionMask = 2147483647;
			files = (
				A8C112BF85BF6BFE27D1F870 /* Pods_LinkBase2.framework in Frameworks */,
			);
			runOnlyForDeploymentPostprocessing = 0;
		};
		E5380E551E99975A0004F577 /* Frameworks */ = {
			isa = PBXFrameworksBuildPhase;
			buildActionMask = 2147483647;
			files = (
			);
			runOnlyForDeploymentPostprocessing = 0;
		};
		E5380E601E99975A0004F577 /* Frameworks */ = {
			isa = PBXFrameworksBuildPhase;
			buildActionMask = 2147483647;
			files = (
			);
			runOnlyForDeploymentPostprocessing = 0;
		};
/* End PBXFrameworksBuildPhase section */

/* Begin PBXGroup section */
		118905F6D4C263D3A8F9ADFB /* Pods */ = {
			isa = PBXGroup;
			children = (
				86DB847BAD24964ABACF6B46 /* Pods-LinkBase2.debug.xcconfig */,
				FB898D4DCD1DA22CDF0E7509 /* Pods-LinkBase2.release.xcconfig */,
			);
			name = Pods;
			sourceTree = "<group>";
		};
		485B5DDC1E9B05590004F768 /* StoryBoard */ = {
			isa = PBXGroup;
			children = (
				485B5DCD1E9B012A0004F768 /* Signup.storyboard */,
				485B5DCF1E9B01630004F768 /* Affiliations.storyboard */,
				E5380E4B1E99975A0004F577 /* Main.storyboard */,
				485B5DD91E9B01F30004F768 /* Home.storyboard */,
				485B5DD71E9B01E10004F768 /* Challenge.storyboard */,
				485B5DD41E9B01960004F768 /* Company.storyboard */,
				485B5DD21E9B017E0004F768 /* Profile.storyboard */,
			);
			name = StoryBoard;
			sourceTree = "<group>";
		};
		485B5DDD1E9B05A30004F768 /* Controllers */ = {
			isa = PBXGroup;
			children = (
				E5380EAF1E99C11C0004F577 /* HomeViewController.swift */,
			);
			name = Controllers;
			sourceTree = "<group>";
		};
		485B5DDE1E9B05AD0004F768 /* Model */ = {
			isa = PBXGroup;
			children = (
			);
			name = Model;
			sourceTree = "<group>";
		};
		485B5DDF1E9B05B50004F768 /* Views */ = {
			isa = PBXGroup;
			children = (
			);
			name = Views;
			sourceTree = "<group>";
		};
		BD5699B833B7909B3443D9C0 /* Frameworks */ = {
			isa = PBXGroup;
			children = (
				C90E0181764D884F39E78D61 /* Pods_LinkBase2.framework */,
			);
			name = Frameworks;
			sourceTree = "<group>";
		};
		E5380E3B1E99975A0004F577 = {
			isa = PBXGroup;
			children = (
				E5380E461E99975A0004F577 /* LinkBase2 */,
				E5380E5B1E99975A0004F577 /* LinkBase2Tests */,
				E5380E661E99975A0004F577 /* LinkBase2UITests */,
				E5380E451E99975A0004F577 /* Products */,
				118905F6D4C263D3A8F9ADFB /* Pods */,
				BD5699B833B7909B3443D9C0 /* Frameworks */,
			);
			sourceTree = "<group>";
		};
		E5380E451E99975A0004F577 /* Products */ = {
			isa = PBXGroup;
			children = (
				E5380E441E99975A0004F577 /* LinkBase2.app */,
				E5380E581E99975A0004F577 /* LinkBase2Tests.xctest */,
				E5380E631E99975A0004F577 /* LinkBase2UITests.xctest */,
			);
			name = Products;
			sourceTree = "<group>";
		};
		E5380E461E99975A0004F577 /* LinkBase2 */ = {
			isa = PBXGroup;
			children = (
				485B5DDF1E9B05B50004F768 /* Views */,
				485B5DDE1E9B05AD0004F768 /* Model */,
				485B5DDD1E9B05A30004F768 /* Controllers */,
				485B5DDC1E9B05590004F768 /* StoryBoard */,
				E5380E471E99975A0004F577 /* AppDelegate.swift */,
				E5380E4E1E99975A0004F577 /* Assets.xcassets */,
				E5380E501E99975A0004F577 /* LaunchScreen.storyboard */,
				E5380E531E99975A0004F577 /* Info.plist */,
			);
			path = LinkBase2;
			sourceTree = "<group>";
		};
		E5380E5B1E99975A0004F577 /* LinkBase2Tests */ = {
			isa = PBXGroup;
			children = (
				E5380E5C1E99975A0004F577 /* LinkBase2Tests.swift */,
				E5380E5E1E99975A0004F577 /* Info.plist */,
			);
			path = LinkBase2Tests;
			sourceTree = "<group>";
		};
		E5380E661E99975A0004F577 /* LinkBase2UITests */ = {
			isa = PBXGroup;
			children = (
				E5380E671E99975A0004F577 /* LinkBase2UITests.swift */,
				E5380E691E99975A0004F577 /* Info.plist */,
			);
			path = LinkBase2UITests;
			sourceTree = "<group>";
		};
/* End PBXGroup section */

/* Begin PBXNativeTarget section */
		E5380E431E99975A0004F577 /* LinkBase2 */ = {
			isa = PBXNativeTarget;
			buildConfigurationList = E5380E6C1E99975A0004F577 /* Build configuration list for PBXNativeTarget "LinkBase2" */;
			buildPhases = (
				22A1109F83F756A26853579A /* [CP] Check Pods Manifest.lock */,
				E5380E401E99975A0004F577 /* Sources */,
				E5380E411E99975A0004F577 /* Frameworks */,
				E5380E421E99975A0004F577 /* Resources */,
				E104AD3B9A6D928F8E4AC8CC /* [CP] Embed Pods Frameworks */,
				010CF5CE071F4E1ADFE90622 /* [CP] Copy Pods Resources */,
			);
			buildRules = (
			);
			dependencies = (
			);
			name = LinkBase2;
			productName = LinkBase2;
			productReference = E5380E441E99975A0004F577 /* LinkBase2.app */;
			productType = "com.apple.product-type.application";
		};
		E5380E571E99975A0004F577 /* LinkBase2Tests */ = {
			isa = PBXNativeTarget;
			buildConfigurationList = E5380E6F1E99975A0004F577 /* Build configuration list for PBXNativeTarget "LinkBase2Tests" */;
			buildPhases = (
				E5380E541E99975A0004F577 /* Sources */,
				E5380E551E99975A0004F577 /* Frameworks */,
				E5380E561E99975A0004F577 /* Resources */,
			);
			buildRules = (
			);
			dependencies = (
				E5380E5A1E99975A0004F577 /* PBXTargetDependency */,
			);
			name = LinkBase2Tests;
			productName = LinkBase2Tests;
			productReference = E5380E581E99975A0004F577 /* LinkBase2Tests.xctest */;
			productType = "com.apple.product-type.bundle.unit-test";
		};
		E5380E621E99975A0004F577 /* LinkBase2UITests */ = {
			isa = PBXNativeTarget;
			buildConfigurationList = E5380E721E99975A0004F577 /* Build configuration list for PBXNativeTarget "LinkBase2UITests" */;
			buildPhases = (
				E5380E5F1E99975A0004F577 /* Sources */,
				E5380E601E99975A0004F577 /* Frameworks */,
				E5380E611E99975A0004F577 /* Resources */,
			);
			buildRules = (
			);
			dependencies = (
				E5380E651E99975A0004F577 /* PBXTargetDependency */,
			);
			name = LinkBase2UITests;
			productName = LinkBase2UITests;
			productReference = E5380E631E99975A0004F577 /* LinkBase2UITests.xctest */;
			productType = "com.apple.product-type.bundle.ui-testing";
		};
/* End PBXNativeTarget section */

/* Begin PBXProject section */
		E5380E3C1E99975A0004F577 /* Project object */ = {
			isa = PBXProject;
			attributes = {
				LastSwiftUpdateCheck = 0830;
				LastUpgradeCheck = 0830;
				ORGANIZATIONNAME = "Barbara Ristau";
				TargetAttributes = {
					E5380E431E99975A0004F577 = {
						CreatedOnToolsVersion = 8.3.1;
						DevelopmentTeam = G6A6KTQ9M6;
						ProvisioningStyle = Automatic;
					};
					E5380E571E99975A0004F577 = {
						CreatedOnToolsVersion = 8.3.1;
						DevelopmentTeam = F7WL3Y7459;
						ProvisioningStyle = Automatic;
						TestTargetID = E5380E431E99975A0004F577;
					};
					E5380E621E99975A0004F577 = {
						CreatedOnToolsVersion = 8.3.1;
						DevelopmentTeam = F7WL3Y7459;
						ProvisioningStyle = Automatic;
						TestTargetID = E5380E431E99975A0004F577;
					};
				};
			};
			buildConfigurationList = E5380E3F1E99975A0004F577 /* Build configuration list for PBXProject "LinkBase2" */;
			compatibilityVersion = "Xcode 3.2";
			developmentRegion = English;
			hasScannedForEncodings = 0;
			knownRegions = (
				en,
				Base,
			);
			mainGroup = E5380E3B1E99975A0004F577;
			productRefGroup = E5380E451E99975A0004F577 /* Products */;
			projectDirPath = "";
			projectRoot = "";
			targets = (
				E5380E431E99975A0004F577 /* LinkBase2 */,
				E5380E571E99975A0004F577 /* LinkBase2Tests */,
				E5380E621E99975A0004F577 /* LinkBase2UITests */,
			);
		};
/* End PBXProject section */

/* Begin PBXResourcesBuildPhase section */
		E5380E421E99975A0004F577 /* Resources */ = {
			isa = PBXResourcesBuildPhase;
			buildActionMask = 2147483647;
			files = (
				485B5DD61E9B01960004F768 /* Company.storyboard in Resources */,
				485B5DD31E9B017E0004F768 /* Profile.storyboard in Resources */,
				E5380E521E99975A0004F577 /* LaunchScreen.storyboard in Resources */,
				485B5DDB1E9B01F30004F768 /* Home.storyboard in Resources */,
				E5380E4F1E99975A0004F577 /* Assets.xcassets in Resources */,
				485B5DCE1E9B012A0004F768 /* Signup.storyboard in Resources */,
				485B5DD11E9B01630004F768 /* Affiliations.storyboard in Resources */,
				485B5DD81E9B01E10004F768 /* Challenge.storyboard in Resources */,
				E5380E4D1E99975A0004F577 /* Main.storyboard in Resources */,
			);
			runOnlyForDeploymentPostprocessing = 0;
		};
		E5380E561E99975A0004F577 /* Resources */ = {
			isa = PBXResourcesBuildPhase;
			buildActionMask = 2147483647;
			files = (
			);
			runOnlyForDeploymentPostprocessing = 0;
		};
		E5380E611E99975A0004F577 /* Resources */ = {
			isa = PBXResourcesBuildPhase;
			buildActionMask = 2147483647;
			files = (
			);
			runOnlyForDeploymentPostprocessing = 0;
		};
/* End PBXResourcesBuildPhase section */

/* Begin PBXShellScriptBuildPhase section */
		010CF5CE071F4E1ADFE90622 /* [CP] Copy Pods Resources */ = {
			isa = PBXShellScriptBuildPhase;
			buildActionMask = 2147483647;
			files = (
			);
			inputPaths = (
			);
			name = "[CP] Copy Pods Resources";
			outputPaths = (
			);
			runOnlyForDeploymentPostprocessing = 0;
			shellPath = /bin/sh;
			shellScript = "\"${SRCROOT}/Pods/Target Support Files/Pods-LinkBase2/Pods-LinkBase2-resources.sh\"\n";
			showEnvVarsInLog = 0;
		};
		22A1109F83F756A26853579A /* [CP] Check Pods Manifest.lock */ = {
			isa = PBXShellScriptBuildPhase;
			buildActionMask = 2147483647;
			files = (
			);
			inputPaths = (
			);
			name = "[CP] Check Pods Manifest.lock";
			outputPaths = (
			);
			runOnlyForDeploymentPostprocessing = 0;
			shellPath = /bin/sh;
			shellScript = "diff \"${PODS_ROOT}/../Podfile.lock\" \"${PODS_ROOT}/Manifest.lock\" > /dev/null\nif [ $? != 0 ] ; then\n    # print error to STDERR\n    echo \"error: The sandbox is not in sync with the Podfile.lock. Run 'pod install' or update your CocoaPods installation.\" >&2\n    exit 1\nfi\n";
			showEnvVarsInLog = 0;
		};
		E104AD3B9A6D928F8E4AC8CC /* [CP] Embed Pods Frameworks */ = {
			isa = PBXShellScriptBuildPhase;
			buildActionMask = 2147483647;
			files = (
			);
			inputPaths = (
			);
			name = "[CP] Embed Pods Frameworks";
			outputPaths = (
			);
			runOnlyForDeploymentPostprocessing = 0;
			shellPath = /bin/sh;
			shellScript = "\"${SRCROOT}/Pods/Target Support Files/Pods-LinkBase2/Pods-LinkBase2-frameworks.sh\"\n";
			showEnvVarsInLog = 0;
		};
/* End PBXShellScriptBuildPhase section */

/* Begin PBXSourcesBuildPhase section */
		E5380E401E99975A0004F577 /* Sources */ = {
			isa = PBXSourcesBuildPhase;
			buildActionMask = 2147483647;
			files = (
				E5380E481E99975A0004F577 /* AppDelegate.swift in Sources */,
				E5380EB01E99C11C0004F577 /* HomeViewController.swift in Sources */,
			);
			runOnlyForDeploymentPostprocessing = 0;
		};
		E5380E541E99975A0004F577 /* Sources */ = {
			isa = PBXSourcesBuildPhase;
			buildActionMask = 2147483647;
			files = (
				E5380E5D1E99975A0004F577 /* LinkBase2Tests.swift in Sources */,
			);
			runOnlyForDeploymentPostprocessing = 0;
		};
		E5380E5F1E99975A0004F577 /* Sources */ = {
			isa = PBXSourcesBuildPhase;
			buildActionMask = 2147483647;
			files = (
				E5380E681E99975A0004F577 /* LinkBase2UITests.swift in Sources */,
			);
			runOnlyForDeploymentPostprocessing = 0;
		};
/* End PBXSourcesBuildPhase section */

/* Begin PBXTargetDependency section */
		E5380E5A1E99975A0004F577 /* PBXTargetDependency */ = {
			isa = PBXTargetDependency;
			target = E5380E431E99975A0004F577 /* LinkBase2 */;
			targetProxy = E5380E591E99975A0004F577 /* PBXContainerItemProxy */;
		};
		E5380E651E99975A0004F577 /* PBXTargetDependency */ = {
			isa = PBXTargetDependency;
			target = E5380E431E99975A0004F577 /* LinkBase2 */;
			targetProxy = E5380E641E99975A0004F577 /* PBXContainerItemProxy */;
		};
/* End PBXTargetDependency section */

/* Begin PBXVariantGroup section */
		485B5DCF1E9B01630004F768 /* Affiliations.storyboard */ = {
			isa = PBXVariantGroup;
			children = (
				485B5DD01E9B01630004F768 /* Base */,
			);
			name = Affiliations.storyboard;
			sourceTree = "<group>";
		};
		485B5DD41E9B01960004F768 /* Company.storyboard */ = {
			isa = PBXVariantGroup;
			children = (
				485B5DD51E9B01960004F768 /* Base */,
			);
			name = Company.storyboard;
			sourceTree = "<group>";
		};
		485B5DD91E9B01F30004F768 /* Home.storyboard */ = {
			isa = PBXVariantGroup;
			children = (
				485B5DDA1E9B01F30004F768 /* Base */,
			);
			name = Home.storyboard;
			sourceTree = "<group>";
		};
		E5380E4B1E99975A0004F577 /* Main.storyboard */ = {
			isa = PBXVariantGroup;
			children = (
				E5380E4C1E99975A0004F577 /* Base */,
			);
			name = Main.storyboard;
			sourceTree = "<group>";
		};
		E5380E501E99975A0004F577 /* LaunchScreen.storyboard */ = {
			isa = PBXVariantGroup;
			children = (
				E5380E511E99975A0004F577 /* Base */,
			);
			name = LaunchScreen.storyboard;
			sourceTree = "<group>";
		};
/* End PBXVariantGroup section */

/* Begin XCBuildConfiguration section */
		E5380E6A1E99975A0004F577 /* Debug */ = {
			isa = XCBuildConfiguration;
			buildSettings = {
				ALWAYS_SEARCH_USER_PATHS = NO;
				CLANG_ANALYZER_NONNULL = YES;
				CLANG_ANALYZER_NUMBER_OBJECT_CONVERSION = YES_AGGRESSIVE;
				CLANG_CXX_LANGUAGE_STANDARD = "gnu++0x";
				CLANG_CXX_LIBRARY = "libc++";
				CLANG_ENABLE_MODULES = YES;
				CLANG_ENABLE_OBJC_ARC = YES;
				CLANG_WARN_BOOL_CONVERSION = YES;
				CLANG_WARN_CONSTANT_CONVERSION = YES;
				CLANG_WARN_DIRECT_OBJC_ISA_USAGE = YES_ERROR;
				CLANG_WARN_DOCUMENTATION_COMMENTS = YES;
				CLANG_WARN_EMPTY_BODY = YES;
				CLANG_WARN_ENUM_CONVERSION = YES;
				CLANG_WARN_INFINITE_RECURSION = YES;
				CLANG_WARN_INT_CONVERSION = YES;
				CLANG_WARN_OBJC_ROOT_CLASS = YES_ERROR;
				CLANG_WARN_SUSPICIOUS_MOVE = YES;
				CLANG_WARN_UNREACHABLE_CODE = YES;
				CLANG_WARN__DUPLICATE_METHOD_MATCH = YES;
				"CODE_SIGN_IDENTITY[sdk=iphoneos*]" = "iPhone Developer";
				COPY_PHASE_STRIP = NO;
				DEBUG_INFORMATION_FORMAT = dwarf;
				ENABLE_STRICT_OBJC_MSGSEND = YES;
				ENABLE_TESTABILITY = YES;
				GCC_C_LANGUAGE_STANDARD = gnu99;
				GCC_DYNAMIC_NO_PIC = NO;
				GCC_NO_COMMON_BLOCKS = YES;
				GCC_OPTIMIZATION_LEVEL = 0;
				GCC_PREPROCESSOR_DEFINITIONS = (
					"DEBUG=1",
					"$(inherited)",
				);
				GCC_WARN_64_TO_32_BIT_CONVERSION = YES;
				GCC_WARN_ABOUT_RETURN_TYPE = YES_ERROR;
				GCC_WARN_UNDECLARED_SELECTOR = YES;
				GCC_WARN_UNINITIALIZED_AUTOS = YES_AGGRESSIVE;
				GCC_WARN_UNUSED_FUNCTION = YES;
				GCC_WARN_UNUSED_VARIABLE = YES;
				IPHONEOS_DEPLOYMENT_TARGET = 10.3;
				MTL_ENABLE_DEBUG_INFO = YES;
				ONLY_ACTIVE_ARCH = YES;
				SDKROOT = iphoneos;
				SWIFT_ACTIVE_COMPILATION_CONDITIONS = DEBUG;
				SWIFT_OPTIMIZATION_LEVEL = "-Onone";
				TARGETED_DEVICE_FAMILY = "1,2";
			};
			name = Debug;
		};
		E5380E6B1E99975A0004F577 /* Release */ = {
			isa = XCBuildConfiguration;
			buildSettings = {
				ALWAYS_SEARCH_USER_PATHS = NO;
				CLANG_ANALYZER_NONNULL = YES;
				CLANG_ANALYZER_NUMBER_OBJECT_CONVERSION = YES_AGGRESSIVE;
				CLANG_CXX_LANGUAGE_STANDARD = "gnu++0x";
				CLANG_CXX_LIBRARY = "libc++";
				CLANG_ENABLE_MODULES = YES;
				CLANG_ENABLE_OBJC_ARC = YES;
				CLANG_WARN_BOOL_CONVERSION = YES;
				CLANG_WARN_CONSTANT_CONVERSION = YES;
				CLANG_WARN_DIRECT_OBJC_ISA_USAGE = YES_ERROR;
				CLANG_WARN_DOCUMENTATION_COMMENTS = YES;
				CLANG_WARN_EMPTY_BODY = YES;
				CLANG_WARN_ENUM_CONVERSION = YES;
				CLANG_WARN_INFINITE_RECURSION = YES;
				CLANG_WARN_INT_CONVERSION = YES;
				CLANG_WARN_OBJC_ROOT_CLASS = YES_ERROR;
				CLANG_WARN_SUSPICIOUS_MOVE = YES;
				CLANG_WARN_UNREACHABLE_CODE = YES;
				CLANG_WARN__DUPLICATE_METHOD_MATCH = YES;
				"CODE_SIGN_IDENTITY[sdk=iphoneos*]" = "iPhone Developer";
				COPY_PHASE_STRIP = NO;
				DEBUG_INFORMATION_FORMAT = "dwarf-with-dsym";
				ENABLE_NS_ASSERTIONS = NO;
				ENABLE_STRICT_OBJC_MSGSEND = YES;
				GCC_C_LANGUAGE_STANDARD = gnu99;
				GCC_NO_COMMON_BLOCKS = YES;
				GCC_WARN_64_TO_32_BIT_CONVERSION = YES;
				GCC_WARN_ABOUT_RETURN_TYPE = YES_ERROR;
				GCC_WARN_UNDECLARED_SELECTOR = YES;
				GCC_WARN_UNINITIALIZED_AUTOS = YES_AGGRESSIVE;
				GCC_WARN_UNUSED_FUNCTION = YES;
				GCC_WARN_UNUSED_VARIABLE = YES;
				IPHONEOS_DEPLOYMENT_TARGET = 10.3;
				MTL_ENABLE_DEBUG_INFO = NO;
				SDKROOT = iphoneos;
				SWIFT_OPTIMIZATION_LEVEL = "-Owholemodule";
				TARGETED_DEVICE_FAMILY = "1,2";
				VALIDATE_PRODUCT = YES;
			};
			name = Release;
		};
		E5380E6D1E99975A0004F577 /* Debug */ = {
			isa = XCBuildConfiguration;
			baseConfigurationReference = 86DB847BAD24964ABACF6B46 /* Pods-LinkBase2.debug.xcconfig */;
			buildSettings = {
				ASSETCATALOG_COMPILER_APPICON_NAME = AppIcon;
				DEVELOPMENT_TEAM = G6A6KTQ9M6;
				INFOPLIST_FILE = LinkBase2/Info.plist;
				IPHONEOS_DEPLOYMENT_TARGET = 10.2;
				LD_RUNPATH_SEARCH_PATHS = "$(inherited) @executable_path/Frameworks";
				PRODUCT_BUNDLE_IDENTIFIER = codewithtea;
				PRODUCT_NAME = "$(TARGET_NAME)";
				SWIFT_VERSION = 3.0;
			};
			name = Debug;
		};
		E5380E6E1E99975A0004F577 /* Release */ = {
			isa = XCBuildConfiguration;
			baseConfigurationReference = FB898D4DCD1DA22CDF0E7509 /* Pods-LinkBase2.release.xcconfig */;
			buildSettings = {
				ASSETCATALOG_COMPILER_APPICON_NAME = AppIcon;
				DEVELOPMENT_TEAM = G6A6KTQ9M6;
				INFOPLIST_FILE = LinkBase2/Info.plist;
				IPHONEOS_DEPLOYMENT_TARGET = 10.2;
				LD_RUNPATH_SEARCH_PATHS = "$(inherited) @executable_path/Frameworks";
				PRODUCT_BUNDLE_IDENTIFIER = codewithtea;
				PRODUCT_NAME = "$(TARGET_NAME)";
				SWIFT_VERSION = 3.0;
			};
			name = Release;
		};
		E5380E701E99975A0004F577 /* Debug */ = {
			isa = XCBuildConfiguration;
			buildSettings = {
				ALWAYS_EMBED_SWIFT_STANDARD_LIBRARIES = YES;
				BUNDLE_LOADER = "$(TEST_HOST)";
				DEVELOPMENT_TEAM = F7WL3Y7459;
				INFOPLIST_FILE = LinkBase2Tests/Info.plist;
				LD_RUNPATH_SEARCH_PATHS = "$(inherited) @executable_path/Frameworks @loader_path/Frameworks";
				PRODUCT_BUNDLE_IDENTIFIER = barbara.LinkBase2Tests;
				PRODUCT_NAME = "$(TARGET_NAME)";
				SWIFT_VERSION = 3.0;
				TEST_HOST = "$(BUILT_PRODUCTS_DIR)/LinkBase2.app/LinkBase2";
			};
			name = Debug;
		};
		E5380E711E99975A0004F577 /* Release */ = {
			isa = XCBuildConfiguration;
			buildSettings = {
				ALWAYS_EMBED_SWIFT_STANDARD_LIBRARIES = YES;
				BUNDLE_LOADER = "$(TEST_HOST)";
				DEVELOPMENT_TEAM = F7WL3Y7459;
				INFOPLIST_FILE = LinkBase2Tests/Info.plist;
				LD_RUNPATH_SEARCH_PATHS = "$(inherited) @executable_path/Frameworks @loader_path/Frameworks";
				PRODUCT_BUNDLE_IDENTIFIER = barbara.LinkBase2Tests;
				PRODUCT_NAME = "$(TARGET_NAME)";
				SWIFT_VERSION = 3.0;
				TEST_HOST = "$(BUILT_PRODUCTS_DIR)/LinkBase2.app/LinkBase2";
			};
			name = Release;
		};
		E5380E731E99975A0004F577 /* Debug */ = {
			isa = XCBuildConfiguration;
			buildSettings = {
				ALWAYS_EMBED_SWIFT_STANDARD_LIBRARIES = YES;
				DEVELOPMENT_TEAM = F7WL3Y7459;
				INFOPLIST_FILE = LinkBase2UITests/Info.plist;
				LD_RUNPATH_SEARCH_PATHS = "$(inherited) @executable_path/Frameworks @loader_path/Frameworks";
				PRODUCT_BUNDLE_IDENTIFIER = barbara.LinkBase2UITests;
				PRODUCT_NAME = "$(TARGET_NAME)";
				SWIFT_VERSION = 3.0;
				TEST_TARGET_NAME = LinkBase2;
			};
			name = Debug;
		};
		E5380E741E99975A0004F577 /* Release */ = {
			isa = XCBuildConfiguration;
			buildSettings = {
				ALWAYS_EMBED_SWIFT_STANDARD_LIBRARIES = YES;
				DEVELOPMENT_TEAM = F7WL3Y7459;
				INFOPLIST_FILE = LinkBase2UITests/Info.plist;
				LD_RUNPATH_SEARCH_PATHS = "$(inherited) @executable_path/Frameworks @loader_path/Frameworks";
				PRODUCT_BUNDLE_IDENTIFIER = barbara.LinkBase2UITests;
				PRODUCT_NAME = "$(TARGET_NAME)";
				SWIFT_VERSION = 3.0;
				TEST_TARGET_NAME = LinkBase2;
			};
			name = Release;
		};
/* End XCBuildConfiguration section */

/* Begin XCConfigurationList section */
		E5380E3F1E99975A0004F577 /* Build configuration list for PBXProject "LinkBase2" */ = {
			isa = XCConfigurationList;
			buildConfigurations = (
				E5380E6A1E99975A0004F577 /* Debug */,
				E5380E6B1E99975A0004F577 /* Release */,
			);
			defaultConfigurationIsVisible = 0;
			defaultConfigurationName = Release;
		};
		E5380E6C1E99975A0004F577 /* Build configuration list for PBXNativeTarget "LinkBase2" */ = {
			isa = XCConfigurationList;
			buildConfigurations = (
				E5380E6D1E99975A0004F577 /* Debug */,
				E5380E6E1E99975A0004F577 /* Release */,
			);
			defaultConfigurationIsVisible = 0;
			defaultConfigurationName = Release;
		};
		E5380E6F1E99975A0004F577 /* Build configuration list for PBXNativeTarget "LinkBase2Tests" */ = {
			isa = XCConfigurationList;
			buildConfigurations = (
				E5380E701E99975A0004F577 /* Debug */,
				E5380E711E99975A0004F577 /* Release */,
			);
			defaultConfigurationIsVisible = 0;
			defaultConfigurationName = Release;
		};
		E5380E721E99975A0004F577 /* Build configuration list for PBXNativeTarget "LinkBase2UITests" */ = {
			isa = XCConfigurationList;
			buildConfigurations = (
				E5380E731E99975A0004F577 /* Debug */,
				E5380E741E99975A0004F577 /* Release */,
			);
			defaultConfigurationIsVisible = 0;
			defaultConfigurationName = Release;
		};
/* End XCConfigurationList section */
	};
	rootObject = E5380E3C1E99975A0004F577 /* Project object */;
}
